
Microsoft Visual Studio Solution File, Format Version 12.00
# Visual Studio Version 17
VisualStudioVersion = 17.4.33122.133
MinimumVisualStudioVersion = 10.0.40219.1
Project("{9A19103F-16F7-4668-BE54-9A1E7A4F7556}") = "EmployeeManagmentSystem", "EmployeeManagmentSystem.csproj", "{5A3557C4-4069-4C47-A096-990DD936A633}"
EndProject
Project("{9A19103F-16F7-4668-BE54-9A1E7A4F7556}") = "Employ.Business", "..\Employ.Business\Employ.Business.csproj", "{AEF53D77-E7DE-4FB2-9393-825E2DD31473}"
EndProject
Project("{9A19103F-16F7-4668-BE54-9A1E7A4F7556}") = "Employ.Model", "..\Employ.Model\Employ.Model.csproj", "{A5B8B689-8A57-46D8-B661-662A44CC7E3C}"
EndProject
Project("{9A19103F-16F7-4668-BE54-9A1E7A4F7556}") = "Employ.Data", "..\Employ.Data\Employ.Data.csproj", "{3E1A6DD4-DB13-4F53-BC3A-211DBF85DF1B}"
EndProject
Global
	GlobalSection(SolutionConfigurationPlatforms) = preSolution
		Debug|Any CPU = Debug|Any CPU
		Release|Any CPU = Release|Any CPU
	EndGlobalSection
	GlobalSection(ProjectConfigurationPlatforms) = postSolution
		{5A3557C4-4069-4C47-A096-990DD936A633}.Debug|Any CPU.ActiveCfg = Debug|Any CPU
		{5A3557C4-4069-4C47-A096-990DD936A633}.Debug|Any CPU.Build.0 = Debug|Any CPU
		{5A3557C4-4069-4C47-A096-990DD936A633}.Release|Any CPU.ActiveCfg = Release|Any CPU
		{5A3557C4-4069-4C47-A096-990DD936A633}.Release|Any CPU.Build.0 = Release|Any CPU
		{AEF53D77-E7DE-4FB2-9393-825E2DD31473}.Debug|Any CPU.ActiveCfg = Debug|Any CPU
		{AEF53D77-E7DE-4FB2-9393-825E2DD31473}.Debug|Any CPU.Build.0 = Debug|Any CPU
		{AEF53D77-E7DE-4FB2-9393-825E2DD31473}.Release|Any CPU.ActiveCfg = Release|Any CPU
		{AEF53D77-E7DE-4FB2-9393-825E2DD31473}.Release|Any CPU.Build.0 = Release|Any CPU
		{A5B8B689-8A57-46D8-B661-662A44CC7E3C}.Debug|Any CPU.ActiveCfg = Debug|Any CPU
		{A5B8B689-8A57-46D8-B661-662A44CC7E3C}.Debug|Any CPU.Build.0 = Debug|Any CPU
		{A5B8B689-8A57-46D8-B661-662A44CC7E3C}.Release|Any CPU.ActiveCfg = Release|Any CPU
		{A5B8B689-8A57-46D8-B661-662A44CC7E3C}.Release|Any CPU.Build.0 = Release|Any CPU
		{3E1A6DD4-DB13-4F53-BC3A-211DBF85DF1B}.Debug|Any CPU.ActiveCfg = Debug|Any CPU
		{3E1A6DD4-DB13-4F53-BC3A-211DBF85DF1B}.Debug|Any CPU.Build.0 = Debug|Any CPU
		{3E1A6DD4-DB13-4F53-BC3A-211DBF85DF1B}.Release|Any CPU.ActiveCfg = Release|Any CPU
		{3E1A6DD4-DB13-4F53-BC3A-211DBF85DF1B}.Release|Any CPU.Build.0 = Release|Any CPU
	EndGlobalSection
	GlobalSection(SolutionProperties) = preSolution
		HideSolutionNode = FALSE
	EndGlobalSection
	GlobalSection(ExtensibilityGlobals) = postSolution
		SolutionGuid = {40A725A3-89B9-4983-9721-FCF2403E1414}
	EndGlobalSection
EndGlobal
